
Microsoft Visual Studio Solution File, Format Version 12.00
# Visual Studio 15
VisualStudioVersion = 15.0.27703.2026
MinimumVisualStudioVersion = 10.0.40219.1
Project("{9A19103F-16F7-4668-BE54-9A1E7A4F7556}") = "ToDoApi", "ToDoApi\ToDoApi.csproj", "{1599AB05-979C-41B5-90A8-916714A68C59}"
EndProject
Project("{9A19103F-16F7-4668-BE54-9A1E7A4F7556}") = "TodoApi.Tests", "TodoApi.Tests\TodoApi.Tests.csproj", "{351857C0-CBBE-4445-8EC0-030BA1EA2B3F}"
EndProject
Project("{9A19103F-16F7-4668-BE54-9A1E7A4F7556}") = "TodoApi.IntegrationTests", "TodoApi.IntegrationTests\TodoApi.IntegrationTests.csproj", "{FF684159-6B05-4B17-AE6B-5F1F3810783A}"
EndProject
Project("{FAE04EC0-301F-11D3-BF4B-00C04F79EFBC}") = "TodoApi.LoadTests", "TodoApi.LoadTests\TodoApi.LoadTests.csproj", "{D5FE595E-A65E-425F-9389-747FF49ACE0B}"
EndProject
Global
	GlobalSection(SolutionConfigurationPlatforms) = preSolution
		Debug|Any CPU = Debug|Any CPU
		Release|Any CPU = Release|Any CPU
	EndGlobalSection
	GlobalSection(ProjectConfigurationPlatforms) = postSolution
		{1599AB05-979C-41B5-90A8-916714A68C59}.Debug|Any CPU.ActiveCfg = Debug|Any CPU
		{1599AB05-979C-41B5-90A8-916714A68C59}.Debug|Any CPU.Build.0 = Debug|Any CPU
		{1599AB05-979C-41B5-90A8-916714A68C59}.Release|Any CPU.ActiveCfg = Release|Any CPU
		{1599AB05-979C-41B5-90A8-916714A68C59}.Release|Any CPU.Build.0 = Release|Any CPU
		{351857C0-CBBE-4445-8EC0-030BA1EA2B3F}.Debug|Any CPU.ActiveCfg = Debug|Any CPU
		{351857C0-CBBE-4445-8EC0-030BA1EA2B3F}.Debug|Any CPU.Build.0 = Debug|Any CPU
		{351857C0-CBBE-4445-8EC0-030BA1EA2B3F}.Release|Any CPU.ActiveCfg = Release|Any CPU
		{351857C0-CBBE-4445-8EC0-030BA1EA2B3F}.Release|Any CPU.Build.0 = Release|Any CPU
		{FF684159-6B05-4B17-AE6B-5F1F3810783A}.Debug|Any CPU.ActiveCfg = Debug|Any CPU
		{FF684159-6B05-4B17-AE6B-5F1F3810783A}.Debug|Any CPU.Build.0 = Debug|Any CPU
		{FF684159-6B05-4B17-AE6B-5F1F3810783A}.Release|Any CPU.ActiveCfg = Release|Any CPU
		{FF684159-6B05-4B17-AE6B-5F1F3810783A}.Release|Any CPU.Build.0 = Release|Any CPU
		{D5FE595E-A65E-425F-9389-747FF49ACE0B}.Debug|Any CPU.ActiveCfg = Debug|Any CPU
		{D5FE595E-A65E-425F-9389-747FF49ACE0B}.Debug|Any CPU.Build.0 = Debug|Any CPU
		{D5FE595E-A65E-425F-9389-747FF49ACE0B}.Release|Any CPU.ActiveCfg = Release|Any CPU
		{D5FE595E-A65E-425F-9389-747FF49ACE0B}.Release|Any CPU.Build.0 = Release|Any CPU
	EndGlobalSection
	GlobalSection(SolutionProperties) = preSolution
		HideSolutionNode = FALSE
	EndGlobalSection
	GlobalSection(ExtensibilityGlobals) = postSolution
		SolutionGuid = {42FC28A7-8CC2-4426-B725-01C713A3F618}
	EndGlobalSection
EndGlobal
